// !$*UTF8*$!
{
	archiveVersion = 1;
	classes = {
	};
	objectVersion = 46;
	objects = {

/* Begin PBXBuildFile section */
		151664451C188237006CCCCB /* main.m in Sources */ = {isa = PBXBuildFile; fileRef = 151664441C188237006CCCCB /* main.m */; };
		151664481C188237006CCCCB /* AppDelegate.m in Sources */ = {isa = PBXBuildFile; fileRef = 151664471C188237006CCCCB /* AppDelegate.m */; };
		151664501C188237006CCCCB /* Assets.xcassets in Resources */ = {isa = PBXBuildFile; fileRef = 1516644F1C188237006CCCCB /* Assets.xcassets */; };
		151664531C188237006CCCCB /* LaunchScreen.storyboard in Resources */ = {isa = PBXBuildFile; fileRef = 151664511C188237006CCCCB /* LaunchScreen.storyboard */; };
		1516645E1C188237006CCCCB /* ______Tests.m in Sources */ = {isa = PBXBuildFile; fileRef = 1516645D1C188237006CCCCB /* ______Tests.m */; };
		151664691C188237006CCCCB /* ______UITests.m in Sources */ = {isa = PBXBuildFile; fileRef = 151664681C188237006CCCCB /* ______UITests.m */; };
		151664911C1885C1006CCCCB /* MainNavViewController.m in Sources */ = {isa = PBXBuildFile; fileRef = 151664901C1885C1006CCCCB /* MainNavViewController.m */; };
		151664941C188682006CCCCB /* SchoolViewController.m in Sources */ = {isa = PBXBuildFile; fileRef = 151664931C188682006CCCCB /* SchoolViewController.m */; };
		151664971C188699006CCCCB /* BeautiesViewController.m in Sources */ = {isa = PBXBuildFile; fileRef = 151664961C188699006CCCCB /* BeautiesViewController.m */; };
		1516649A1C1886E9006CCCCB /* StudentViewController.m in Sources */ = {isa = PBXBuildFile; fileRef = 151664991C1886E9006CCCCB /* StudentViewController.m */; };
		1516649D1C1886F9006CCCCB /* TeacherViewController.m in Sources */ = {isa = PBXBuildFile; fileRef = 1516649C1C1886F9006CCCCB /* TeacherViewController.m */; };
		151664A01C188773006CCCCB /* MainTabBarController.m in Sources */ = {isa = PBXBuildFile; fileRef = 1516649F1C188773006CCCCB /* MainTabBarController.m */; };
		151664A81C189212006CCCCB /* LoginViewController.m in Sources */ = {isa = PBXBuildFile; fileRef = 151664A61C189212006CCCCB /* LoginViewController.m */; };
		151664A91C189212006CCCCB /* LoginViewController.xib in Resources */ = {isa = PBXBuildFile; fileRef = 151664A71C189212006CCCCB /* LoginViewController.xib */; };
		69FFA24516148B1C3CF8D3F9 /* libPods.a in Frameworks */ = {isa = PBXBuildFile; fileRef = 4B3A9EFD7FE3461DDF9A32A9 /* libPods.a */; };
/* End PBXBuildFile section */

/* Begin PBXContainerItemProxy section */
		1516645A1C188237006CCCCB /* PBXContainerItemProxy */ = {
			isa = PBXContainerItemProxy;
			containerPortal = 151664381C188237006CCCCB /* Project object */;
			proxyType = 1;
			remoteGlobalIDString = 1516643F1C188237006CCCCB;
			remoteInfo = "学生管理系统";
		};
		151664651C188237006CCCCB /* PBXContainerItemProxy */ = {
			isa = PBXContainerItemProxy;
			containerPortal = 151664381C188237006CCCCB /* Project object */;
			proxyType = 1;
			remoteGlobalIDString = 1516643F1C188237006CCCCB;
			remoteInfo = "学生管理系统";
		};
/* End PBXContainerItemProxy section */

/* Begin PBXFileReference section */
		151664401C188237006CCCCB /* 学生管理系统.app */ = {isa = PBXFileReference; explicitFileType = wrapper.application; includeInIndex = 0; path = "学生管理系统.app"; sourceTree = BUILT_PRODUCTS_DIR; };
		151664441C188237006CCCCB /* main.m */ = {isa = PBXFileReference; lastKnownFileType = sourcecode.c.objc; path = main.m; sourceTree = "<group>"; };
		151664461C188237006CCCCB /* AppDelegate.h */ = {isa = PBXFileReference; lastKnownFileType = sourcecode.c.h; path = AppDelegate.h; sourceTree = "<group>"; };
		151664471C188237006CCCCB /* AppDelegate.m */ = {isa = PBXFileReference; lastKnownFileType = sourcecode.c.objc; path = AppDelegate.m; sourceTree = "<group>"; };
		1516644F1C188237006CCCCB /* Assets.xcassets */ = {isa = PBXFileReference; lastKnownFileType = folder.assetcatalog; path = Assets.xcassets; sourceTree = "<group>"; };
		151664521C188237006CCCCB /* Base */ = {isa = PBXFileReference; lastKnownFileType = file.storyboard; name = Base; path = Base.lproj/LaunchScreen.storyboard; sourceTree = "<group>"; };
		151664541C188237006CCCCB /* Info.plist */ = {isa = PBXFileReference; lastKnownFileType = text.plist.xml; path = Info.plist; sourceTree = "<group>"; };
		151664591C188237006CCCCB /* 学生管理系统Tests.xctest */ = {isa = PBXFileReference; explicitFileType = wrapper.cfbundle; includeInIndex = 0; path = "学生管理系统Tests.xctest"; sourceTree = BUILT_PRODUCTS_DIR; };
		1516645D1C188237006CCCCB /* ______Tests.m */ = {isa = PBXFileReference; lastKnownFileType = sourcecode.c.objc; path = "______Tests.m"; sourceTree = "<group>"; };
		1516645F1C188237006CCCCB /* Info.plist */ = {isa = PBXFileReference; lastKnownFileType = text.plist.xml; path = Info.plist; sourceTree = "<group>"; };
		151664641C188237006CCCCB /* 学生管理系统UITests.xctest */ = {isa = PBXFileReference; explicitFileType = wrapper.cfbundle; includeInIndex = 0; path = "学生管理系统UITests.xctest"; sourceTree = BUILT_PRODUCTS_DIR; };
		151664681C188237006CCCCB /* ______UITests.m */ = {isa = PBXFileReference; lastKnownFileType = sourcecode.c.objc; path = "______UITests.m"; sourceTree = "<group>"; };
		1516646A1C188237006CCCCB /* Info.plist */ = {isa = PBXFileReference; lastKnownFileType = text.plist.xml; path = Info.plist; sourceTree = "<group>"; };
		1516648F1C1885C1006CCCCB /* MainNavViewController.h */ = {isa = PBXFileReference; fileEncoding = 4; lastKnownFileType = sourcecode.c.h; path = MainNavViewController.h; sourceTree = "<group>"; };
		151664901C1885C1006CCCCB /* MainNavViewController.m */ = {isa = PBXFileReference; fileEncoding = 4; lastKnownFileType = sourcecode.c.objc; path = MainNavViewController.m; sourceTree = "<group>"; };
		151664921C188682006CCCCB /* SchoolViewController.h */ = {isa = PBXFileReference; fileEncoding = 4; lastKnownFileType = sourcecode.c.h; path = SchoolViewController.h; sourceTree = "<group>"; };
		151664931C188682006CCCCB /* SchoolViewController.m */ = {isa = PBXFileReference; fileEncoding = 4; lastKnownFileType = sourcecode.c.objc; path = SchoolViewController.m; sourceTree = "<group>"; };
		151664951C188699006CCCCB /* BeautiesViewController.h */ = {isa = PBXFileReference; fileEncoding = 4; lastKnownFileType = sourcecode.c.h; path = BeautiesViewController.h; sourceTree = "<group>"; };
		151664961C188699006CCCCB /* BeautiesViewController.m */ = {isa = PBXFileReference; fileEncoding = 4; lastKnownFileType = sourcecode.c.objc; path = BeautiesViewController.m; sourceTree = "<group>"; };
		151664981C1886E9006CCCCB /* StudentViewController.h */ = {isa = PBXFileReference; fileEncoding = 4; lastKnownFileType = sourcecode.c.h; path = StudentViewController.h; sourceTree = "<group>"; };
		151664991C1886E9006CCCCB /* StudentViewController.m */ = {isa = PBXFileReference; fileEncoding = 4; lastKnownFileType = sourcecode.c.objc; path = StudentViewController.m; sourceTree = "<group>"; };
		1516649B1C1886F9006CCCCB /* TeacherViewController.h */ = {isa = PBXFileReference; fileEncoding = 4; lastKnownFileType = sourcecode.c.h; path = TeacherViewController.h; sourceTree = "<group>"; };
		1516649C1C1886F9006CCCCB /* TeacherViewController.m */ = {isa = PBXFileReference; fileEncoding = 4; lastKnownFileType = sourcecode.c.objc; path = TeacherViewController.m; sourceTree = "<group>"; };
		1516649E1C188773006CCCCB /* MainTabBarController.h */ = {isa = PBXFileReference; fileEncoding = 4; lastKnownFileType = sourcecode.c.h; path = MainTabBarController.h; sourceTree = "<group>"; };
		1516649F1C188773006CCCCB /* MainTabBarController.m */ = {isa = PBXFileReference; fileEncoding = 4; lastKnownFileType = sourcecode.c.objc; path = MainTabBarController.m; sourceTree = "<group>"; };
		151664A11C188C50006CCCCB /* ManagePCH.pch */ = {isa = PBXFileReference; lastKnownFileType = sourcecode.c.h; path = ManagePCH.pch; sourceTree = "<group>"; };
		151664A51C189212006CCCCB /* LoginViewController.h */ = {isa = PBXFileReference; fileEncoding = 4; lastKnownFileType = sourcecode.c.h; path = LoginViewController.h; sourceTree = "<group>"; };
		151664A61C189212006CCCCB /* LoginViewController.m */ = {isa = PBXFileReference; fileEncoding = 4; lastKnownFileType = sourcecode.c.objc; path = LoginViewController.m; sourceTree = "<group>"; };
		151664A71C189212006CCCCB /* LoginViewController.xib */ = {isa = PBXFileReference; fileEncoding = 4; lastKnownFileType = file.xib; path = LoginViewController.xib; sourceTree = "<group>"; };
		4B3A9EFD7FE3461DDF9A32A9 /* libPods.a */ = {isa = PBXFileReference; explicitFileType = archive.ar; includeInIndex = 0; path = libPods.a; sourceTree = BUILT_PRODUCTS_DIR; };
		BB23DAA9C4EB07C2E424CC96 /* Pods.release.xcconfig */ = {isa = PBXFileReference; includeInIndex = 1; lastKnownFileType = text.xcconfig; name = Pods.release.xcconfig; path = "Pods/Target Support Files/Pods/Pods.release.xcconfig"; sourceTree = "<group>"; };
		E4F3A7A044D44D9F754E9B8E /* Pods.debug.xcconfig */ = {isa = PBXFileReference; includeInIndex = 1; lastKnownFileType = text.xcconfig; name = Pods.debug.xcconfig; path = "Pods/Target Support Files/Pods/Pods.debug.xcconfig"; sourceTree = "<group>"; };
/* End PBXFileReference section */

/* Begin PBXFrameworksBuildPhase section */
		1516643D1C188237006CCCCB /* Frameworks */ = {
			isa = PBXFrameworksBuildPhase;
			buildActionMask = 2147483647;
			files = (
				69FFA24516148B1C3CF8D3F9 /* libPods.a in Frameworks */,
			);
			runOnlyForDeploymentPostprocessing = 0;
		};
		151664561C188237006CCCCB /* Frameworks */ = {
			isa = PBXFrameworksBuildPhase;
			buildActionMask = 2147483647;
			files = (
			);
			runOnlyForDeploymentPostprocessing = 0;
		};
		151664611C188237006CCCCB /* Frameworks */ = {
			isa = PBXFrameworksBuildPhase;
			buildActionMask = 2147483647;
			files = (
			);
			runOnlyForDeploymentPostprocessing = 0;
		};
/* End PBXFrameworksBuildPhase section */

/* Begin PBXGroup section */
		151664371C188237006CCCCB = {
			isa = PBXGroup;
			children = (
				151664421C188237006CCCCB /* 学生管理系统 */,
				1516645C1C188237006CCCCB /* 学生管理系统Tests */,
				151664671C188237006CCCCB /* 学生管理系统UITests */,
				151664411C188237006CCCCB /* Products */,
				91A42470014C84001BB942C4 /* Pods */,
				2BF96F142E3D8D9189FB4FF5 /* Frameworks */,
			);
			sourceTree = "<group>";
		};
		151664411C188237006CCCCB /* Products */ = {
			isa = PBXGroup;
			children = (
				151664401C188237006CCCCB /* 学生管理系统.app */,
				151664591C188237006CCCCB /* 学生管理系统Tests.xctest */,
				151664641C188237006CCCCB /* 学生管理系统UITests.xctest */,
			);
			name = Products;
			sourceTree = "<group>";
		};
		151664421C188237006CCCCB /* 学生管理系统 */ = {
			isa = PBXGroup;
			children = (
				151664461C188237006CCCCB /* AppDelegate.h */,
				151664471C188237006CCCCB /* AppDelegate.m */,
				151664761C18848E006CCCCB /* Classes */,
				1516644F1C188237006CCCCB /* Assets.xcassets */,
				151664511C188237006CCCCB /* LaunchScreen.storyboard */,
				151664541C188237006CCCCB /* Info.plist */,
				151664431C188237006CCCCB /* Supporting Files */,
			);
			path = "学生管理系统";
			sourceTree = "<group>";
		};
		151664431C188237006CCCCB /* Supporting Files */ = {
			isa = PBXGroup;
			children = (
				151664441C188237006CCCCB /* main.m */,
			);
			name = "Supporting Files";
			sourceTree = "<group>";
		};
		1516645C1C188237006CCCCB /* 学生管理系统Tests */ = {
			isa = PBXGroup;
			children = (
				1516645D1C188237006CCCCB /* ______Tests.m */,
				1516645F1C188237006CCCCB /* Info.plist */,
			);
			path = "学生管理系统Tests";
			sourceTree = "<group>";
		};
		151664671C188237006CCCCB /* 学生管理系统UITests */ = {
			isa = PBXGroup;
			children = (
				151664681C188237006CCCCB /* ______UITests.m */,
				1516646A1C188237006CCCCB /* Info.plist */,
			);
			path = "学生管理系统UITests";
			sourceTree = "<group>";
		};
		151664761C18848E006CCCCB /* Classes */ = {
			isa = PBXGroup;
			children = (
				1516648B1C188599006CCCCB /* Main（主要） */,
				1516647F1C18848E006CCCCB /* School（学校简介） */,
				151664771C18848E006CCCCB /* Beauties（校园风光） */,
				151664831C18848E006CCCCB /* Students（学生信息） */,
				151664871C18848E006CCCCB /* Teachers（教师信息） */,
				1516647B1C18848E006CCCCB /* Others（其他） */,
			);
			path = Classes;
			sourceTree = "<group>";
		};
		151664771C18848E006CCCCB /* Beauties（校园风光） */ = {
			isa = PBXGroup;
			children = (
				151664781C18848E006CCCCB /* Controller */,
				151664791C18848E006CCCCB /* Model */,
				1516647A1C18848E006CCCCB /* View */,
			);
			path = "Beauties（校园风光）";
			sourceTree = "<group>";
		};
		151664781C18848E006CCCCB /* Controller */ = {
			isa = PBXGroup;
			children = (
				151664951C188699006CCCCB /* BeautiesViewController.h */,
				151664961C188699006CCCCB /* BeautiesViewController.m */,
			);
			path = Controller;
			sourceTree = "<group>";
		};
		151664791C18848E006CCCCB /* Model */ = {
			isa = PBXGroup;
			children = (
			);
			path = Model;
			sourceTree = "<group>";
		};
		1516647A1C18848E006CCCCB /* View */ = {
			isa = PBXGroup;
			children = (
			);
			path = View;
			sourceTree = "<group>";
		};
		1516647B1C18848E006CCCCB /* Others（其他） */ = {
			isa = PBXGroup;
			children = (
				151664A21C189200006CCCCB /* Controller */,
				151664A31C189200006CCCCB /* Model */,
				151664A41C189200006CCCCB /* View */,
				151664A11C188C50006CCCCB /* ManagePCH.pch */,
			);
			path = "Others（其他）";
			sourceTree = "<group>";
		};
		1516647F1C18848E006CCCCB /* School（学校简介） */ = {
			isa = PBXGroup;
			children = (
				151664801C18848E006CCCCB /* Controller */,
				151664811C18848E006CCCCB /* Model */,
				151664821C18848E006CCCCB /* View */,
			);
			path = "School（学校简介）";
			sourceTree = "<group>";
		};
		151664801C18848E006CCCCB /* Controller */ = {
			isa = PBXGroup;
			children = (
				151664921C188682006CCCCB /* SchoolViewController.h */,
				151664931C188682006CCCCB /* SchoolViewController.m */,
			);
			path = Controller;
			sourceTree = "<group>";
		};
		151664811C18848E006CCCCB /* Model */ = {
			isa = PBXGroup;
			children = (
			);
			path = Model;
			sourceTree = "<group>";
		};
		151664821C18848E006CCCCB /* View */ = {
			isa = PBXGroup;
			children = (
			);
			path = View;
			sourceTree = "<group>";
		};
		151664831C18848E006CCCCB /* Students（学生信息） */ = {
			isa = PBXGroup;
			children = (
				151664841C18848E006CCCCB /* Controller */,
				151664851C18848E006CCCCB /* Model */,
				151664861C18848E006CCCCB /* View */,
			);
			path = "Students（学生信息）";
			sourceTree = "<group>";
		};
		151664841C18848E006CCCCB /* Controller */ = {
			isa = PBXGroup;
			children = (
				151664981C1886E9006CCCCB /* StudentViewController.h */,
				151664991C1886E9006CCCCB /* StudentViewController.m */,
			);
			path = Controller;
			sourceTree = "<group>";
		};
		151664851C18848E006CCCCB /* Model */ = {
			isa = PBXGroup;
			children = (
			);
			path = Model;
			sourceTree = "<group>";
		};
		151664861C18848E006CCCCB /* View */ = {
			isa = PBXGroup;
			children = (
			);
			path = View;
			sourceTree = "<group>";
		};
		151664871C18848E006CCCCB /* Teachers（教师信息） */ = {
			isa = PBXGroup;
			children = (
				151664881C18848E006CCCCB /* Controller */,
				151664891C18848E006CCCCB /* Model */,
				1516648A1C18848E006CCCCB /* View */,
			);
			path = "Teachers（教师信息）";
			sourceTree = "<group>";
		};
		151664881C18848E006CCCCB /* Controller */ = {
			isa = PBXGroup;
			children = (
				1516649B1C1886F9006CCCCB /* TeacherViewController.h */,
				1516649C1C1886F9006CCCCB /* TeacherViewController.m */,
			);
			path = Controller;
			sourceTree = "<group>";
		};
		151664891C18848E006CCCCB /* Model */ = {
			isa = PBXGroup;
			children = (
			);
			path = Model;
			sourceTree = "<group>";
		};
		1516648A1C18848E006CCCCB /* View */ = {
			isa = PBXGroup;
			children = (
			);
			path = View;
			sourceTree = "<group>";
		};
		1516648B1C188599006CCCCB /* Main（主要） */ = {
			isa = PBXGroup;
			children = (
				1516648C1C188599006CCCCB /* Controller */,
				1516648D1C188599006CCCCB /* Model */,
				1516648E1C188599006CCCCB /* View */,
			);
			path = "Main（主要）";
			sourceTree = "<group>";
		};
		1516648C1C188599006CCCCB /* Controller */ = {
			isa = PBXGroup;
			children = (
				1516648F1C1885C1006CCCCB /* MainNavViewController.h */,
				151664901C1885C1006CCCCB /* MainNavViewController.m */,
				1516649E1C188773006CCCCB /* MainTabBarController.h */,
				1516649F1C188773006CCCCB /* MainTabBarController.m */,
			);
			path = Controller;
			sourceTree = "<group>";
		};
		1516648D1C188599006CCCCB /* Model */ = {
			isa = PBXGroup;
			children = (
			);
			path = Model;
			sourceTree = "<group>";
		};
		1516648E1C188599006CCCCB /* View */ = {
			isa = PBXGroup;
			children = (
			);
			path = View;
			sourceTree = "<group>";
		};
		151664A21C189200006CCCCB /* Controller */ = {
			isa = PBXGroup;
			children = (
				151664A51C189212006CCCCB /* LoginViewController.h */,
				151664A61C189212006CCCCB /* LoginViewController.m */,
				151664A71C189212006CCCCB /* LoginViewController.xib */,
			);
			path = Controller;
			sourceTree = "<group>";
		};
		151664A31C189200006CCCCB /* Model */ = {
			isa = PBXGroup;
			children = (
			);
			path = Model;
			sourceTree = "<group>";
		};
		151664A41C189200006CCCCB /* View */ = {
			isa = PBXGroup;
			children = (
			);
			path = View;
			sourceTree = "<group>";
		};
		2BF96F142E3D8D9189FB4FF5 /* Frameworks */ = {
			isa = PBXGroup;
			children = (
				4B3A9EFD7FE3461DDF9A32A9 /* libPods.a */,
			);
			name = Frameworks;
			sourceTree = "<group>";
		};
		91A42470014C84001BB942C4 /* Pods */ = {
			isa = PBXGroup;
			children = (
				E4F3A7A044D44D9F754E9B8E /* Pods.debug.xcconfig */,
				BB23DAA9C4EB07C2E424CC96 /* Pods.release.xcconfig */,
			);
			name = Pods;
			sourceTree = "<group>";
		};
/* End PBXGroup section */

/* Begin PBXNativeTarget section */
		1516643F1C188237006CCCCB /* 学生管理系统 */ = {
			isa = PBXNativeTarget;
			buildConfigurationList = 1516646D1C188237006CCCCB /* Build configuration list for PBXNativeTarget "学生管理系统" */;
			buildPhases = (
				57E34350824090C5AA442852 /* Check Pods Manifest.lock */,
				1516643C1C188237006CCCCB /* Sources */,
				1516643D1C188237006CCCCB /* Frameworks */,
				1516643E1C188237006CCCCB /* Resources */,
				D00B739CFAD658329A624562 /* Copy Pods Resources */,
			);
			buildRules = (
			);
			dependencies = (
			);
			name = "学生管理系统";
			productName = "学生管理系统";
			productReference = 151664401C188237006CCCCB /* 学生管理系统.app */;
			productType = "com.apple.product-type.application";
		};
		151664581C188237006CCCCB /* 学生管理系统Tests */ = {
			isa = PBXNativeTarget;
			buildConfigurationList = 151664701C188237006CCCCB /* Build configuration list for PBXNativeTarget "学生管理系统Tests" */;
			buildPhases = (
				151664551C188237006CCCCB /* Sources */,
				151664561C188237006CCCCB /* Frameworks */,
				151664571C188237006CCCCB /* Resources */,
			);
			buildRules = (
			);
			dependencies = (
				1516645B1C188237006CCCCB /* PBXTargetDependency */,
			);
			name = "学生管理系统Tests";
			productName = "学生管理系统Tests";
			productReference = 151664591C188237006CCCCB /* 学生管理系统Tests.xctest */;
			productType = "com.apple.product-type.bundle.unit-test";
		};
		151664631C188237006CCCCB /* 学生管理系统UITests */ = {
			isa = PBXNativeTarget;
			buildConfigurationList = 151664731C188237006CCCCB /* Build configuration list for PBXNativeTarget "学生管理系统UITests" */;
			buildPhases = (
				151664601C188237006CCCCB /* Sources */,
				151664611C188237006CCCCB /* Frameworks */,
				151664621C188237006CCCCB /* Resources */,
			);
			buildRules = (
			);
			dependencies = (
				151664661C188237006CCCCB /* PBXTargetDependency */,
			);
			name = "学生管理系统UITests";
			productName = "学生管理系统UITests";
			productReference = 151664641C188237006CCCCB /* 学生管理系统UITests.xctest */;
			productType = "com.apple.product-type.bundle.ui-testing";
		};
/* End PBXNativeTarget section */

/* Begin PBXProject section */
		151664381C188237006CCCCB /* Project object */ = {
			isa = PBXProject;
			attributes = {
				LastUpgradeCheck = 0710;
				ORGANIZATIONNAME = SanMao;
				TargetAttributes = {
					1516643F1C188237006CCCCB = {
						CreatedOnToolsVersion = 7.1.1;
						DevelopmentTeam = K5F7796ERG;
					};
					151664581C188237006CCCCB = {
						CreatedOnToolsVersion = 7.1.1;
						DevelopmentTeam = K5F7796ERG;
						TestTargetID = 1516643F1C188237006CCCCB;
					};
					151664631C188237006CCCCB = {
						CreatedOnToolsVersion = 7.1.1;
						DevelopmentTeam = K5F7796ERG;
						TestTargetID = 1516643F1C188237006CCCCB;
					};
				};
			};
			buildConfigurationList = 1516643B1C188237006CCCCB /* Build configuration list for PBXProject "学生管理系统" */;
			compatibilityVersion = "Xcode 3.2";
			developmentRegion = English;
			hasScannedForEncodings = 0;
			knownRegions = (
				en,
				Base,
			);
			mainGroup = 151664371C188237006CCCCB;
			productRefGroup = 151664411C188237006CCCCB /* Products */;
			projectDirPath = "";
			projectRoot = "";
			targets = (
				1516643F1C188237006CCCCB /* 学生管理系统 */,
				151664581C188237006CCCCB /* 学生管理系统Tests */,
				151664631C188237006CCCCB /* 学生管理系统UITests */,
			);
		};
/* End PBXProject section */

/* Begin PBXResourcesBuildPhase section */
		1516643E1C188237006CCCCB /* Resources */ = {
			isa = PBXResourcesBuildPhase;
			buildActionMask = 2147483647;
			files = (
				151664531C188237006CCCCB /* LaunchScreen.storyboard in Resources */,
				151664A91C189212006CCCCB /* LoginViewController.xib in Resources */,
				151664501C188237006CCCCB /* Assets.xcassets in Resources */,
			);
			runOnlyForDeploymentPostprocessing = 0;
		};
		151664571C188237006CCCCB /* Resources */ = {
			isa = PBXResourcesBuildPhase;
			buildActionMask = 2147483647;
			files = (
			);
			runOnlyForDeploymentPostprocessing = 0;
		};
		151664621C188237006CCCCB /* Resources */ = {
			isa = PBXResourcesBuildPhase;
			buildActionMask = 2147483647;
			files = (
			);
			runOnlyForDeploymentPostprocessing = 0;
		};
/* End PBXResourcesBuildPhase section */

/* Begin PBXShellScriptBuildPhase section */
		57E34350824090C5AA442852 /* Check Pods Manifest.lock */ = {
			isa = PBXShellScriptBuildPhase;
			buildActionMask = 2147483647;
			files = (
			);
			inputPaths = (
			);
			name = "Check Pods Manifest.lock";
			outputPaths = (
			);
			runOnlyForDeploymentPostprocessing = 0;
			shellPath = /bin/sh;
			shellScript = "diff \"${PODS_ROOT}/../Podfile.lock\" \"${PODS_ROOT}/Manifest.lock\" > /dev/null\nif [[ $? != 0 ]] ; then\n    cat << EOM\nerror: The sandbox is not in sync with the Podfile.lock. Run 'pod install' or update your CocoaPods installation.\nEOM\n    exit 1\nfi\n";
			showEnvVarsInLog = 0;
		};
		D00B739CFAD658329A624562 /* Copy Pods Resources */ = {
			isa = PBXShellScriptBuildPhase;
			buildActionMask = 2147483647;
			files = (
			);
			inputPaths = (
			);
			name = "Copy Pods Resources";
			outputPaths = (
			);
			runOnlyForDeploymentPostprocessing = 0;
			shellPath = /bin/sh;
			shellScript = "\"${SRCROOT}/Pods/Target Support Files/Pods/Pods-resources.sh\"\n";
			showEnvVarsInLog = 0;
		};
/* End PBXShellScriptBuildPhase section */

/* Begin PBXSourcesBuildPhase section */
		1516643C1C188237006CCCCB /* Sources */ = {
			isa = PBXSourcesBuildPhase;
			buildActionMask = 2147483647;
			files = (
				151664971C188699006CCCCB /* BeautiesViewController.m in Sources */,
				151664A01C188773006CCCCB /* MainTabBarController.m in Sources */,
				151664481C188237006CCCCB /* AppDelegate.m in Sources */,
				151664451C188237006CCCCB /* main.m in Sources */,
				151664941C188682006CCCCB /* SchoolViewController.m in Sources */,
				1516649D1C1886F9006CCCCB /* TeacherViewController.m in Sources */,
				1516649A1C1886E9006CCCCB /* StudentViewController.m in Sources */,
				151664A81C189212006CCCCB /* LoginViewController.m in Sources */,
				151664911C1885C1006CCCCB /* MainNavViewController.m in Sources */,
			);
			runOnlyForDeploymentPostprocessing = 0;
		};
		151664551C188237006CCCCB /* Sources */ = {
			isa = PBXSourcesBuildPhase;
			buildActionMask = 2147483647;
			files = (
				1516645E1C188237006CCCCB /* ______Tests.m in Sources */,
			);
			runOnlyForDeploymentPostprocessing = 0;
		};
		151664601C188237006CCCCB /* Sources */ = {
			isa = PBXSourcesBuildPhase;
			buildActionMask = 2147483647;
			files = (
				151664691C188237006CCCCB /* ______UITests.m in Sources */,
			);
			runOnlyForDeploymentPostprocessing = 0;
		};
/* End PBXSourcesBuildPhase section */

/* Begin PBXTargetDependency section */
		1516645B1C188237006CCCCB /* PBXTargetDependency */ = {
			isa = PBXTargetDependency;
			target = 1516643F1C188237006CCCCB /* 学生管理系统 */;
			targetProxy = 1516645A1C188237006CCCCB /* PBXContainerItemProxy */;
		};
		151664661C188237006CCCCB /* PBXTargetDependency */ = {
			isa = PBXTargetDependency;
			target = 1516643F1C188237006CCCCB /* 学生管理系统 */;
			targetProxy = 151664651C188237006CCCCB /* PBXContainerItemProxy */;
		};
/* End PBXTargetDependency section */

/* Begin PBXVariantGroup section */
		151664511C188237006CCCCB /* LaunchScreen.storyboard */ = {
			isa = PBXVariantGroup;
			children = (
				151664521C188237006CCCCB /* Base */,
			);
			name = LaunchScreen.storyboard;
			sourceTree = "<group>";
		};
/* End PBXVariantGroup section */

/* Begin XCBuildConfiguration section */
		1516646B1C188237006CCCCB /* Debug */ = {
			isa = XCBuildConfiguration;
			buildSettings = {
				ALWAYS_SEARCH_USER_PATHS = NO;
				CLANG_CXX_LANGUAGE_STANDARD = "gnu++0x";
				CLANG_CXX_LIBRARY = "libc++";
				CLANG_ENABLE_MODULES = YES;
				CLANG_ENABLE_OBJC_ARC = YES;
				CLANG_WARN_BOOL_CONVERSION = YES;
				CLANG_WARN_CONSTANT_CONVERSION = YES;
				CLANG_WARN_DIRECT_OBJC_ISA_USAGE = YES_ERROR;
				CLANG_WARN_EMPTY_BODY = YES;
				CLANG_WARN_ENUM_CONVERSION = YES;
				CLANG_WARN_INT_CONVERSION = YES;
				CLANG_WARN_OBJC_ROOT_CLASS = YES_ERROR;
				CLANG_WARN_UNREACHABLE_CODE = YES;
				CLANG_WARN__DUPLICATE_METHOD_MATCH = YES;
				"CODE_SIGN_IDENTITY[sdk=iphoneos*]" = "iPhone Developer";
				COPY_PHASE_STRIP = NO;
				DEBUG_INFORMATION_FORMAT = dwarf;
				ENABLE_STRICT_OBJC_MSGSEND = YES;
				ENABLE_TESTABILITY = YES;
				GCC_C_LANGUAGE_STANDARD = gnu99;
				GCC_DYNAMIC_NO_PIC = NO;
				GCC_NO_COMMON_BLOCKS = YES;
				GCC_OPTIMIZATION_LEVEL = 0;
				GCC_PREPROCESSOR_DEFINITIONS = (
					"DEBUG=1",
					"$(inherited)",
				);
				GCC_WARN_64_TO_32_BIT_CONVERSION = YES;
				GCC_WARN_ABOUT_RETURN_TYPE = YES_ERROR;
				GCC_WARN_UNDECLARED_SELECTOR = YES;
				GCC_WARN_UNINITIALIZED_AUTOS = YES_AGGRESSIVE;
				GCC_WARN_UNUSED_FUNCTION = YES;
				GCC_WARN_UNUSED_VARIABLE = YES;
				IPHONEOS_DEPLOYMENT_TARGET = 9.1;
				MTL_ENABLE_DEBUG_INFO = YES;
				ONLY_ACTIVE_ARCH = YES;
				SDKROOT = iphoneos;
			};
			name = Debug;
		};
		1516646C1C188237006CCCCB /* Release */ = {
			isa = XCBuildConfiguration;
			buildSettings = {
				ALWAYS_SEARCH_USER_PATHS = NO;
				CLANG_CXX_LANGUAGE_STANDARD = "gnu++0x";
				CLANG_CXX_LIBRARY = "libc++";
				CLANG_ENABLE_MODULES = YES;
				CLANG_ENABLE_OBJC_ARC = YES;
				CLANG_WARN_BOOL_CONVERSION = YES;
				CLANG_WARN_CONSTANT_CONVERSION = YES;
				CLANG_WARN_DIRECT_OBJC_ISA_USAGE = YES_ERROR;
				CLANG_WARN_EMPTY_BODY = YES;
				CLANG_WARN_ENUM_CONVERSION = YES;
				CLANG_WARN_INT_CONVERSION = YES;
				CLANG_WARN_OBJC_ROOT_CLASS = YES_ERROR;
				CLANG_WARN_UNREACHABLE_CODE = YES;
				CLANG_WARN__DUPLICATE_METHOD_MATCH = YES;
				"CODE_SIGN_IDENTITY[sdk=iphoneos*]" = "iPhone Developer";
				COPY_PHASE_STRIP = NO;
				DEBUG_INFORMATION_FORMAT = "dwarf-with-dsym";
				ENABLE_NS_ASSERTIONS = NO;
				ENABLE_STRICT_OBJC_MSGSEND = YES;
				GCC_C_LANGUAGE_STANDARD = gnu99;
				GCC_NO_COMMON_BLOCKS = YES;
				GCC_WARN_64_TO_32_BIT_CONVERSION = YES;
				GCC_WARN_ABOUT_RETURN_TYPE = YES_ERROR;
				GCC_WARN_UNDECLARED_SELECTOR = YES;
				GCC_WARN_UNINITIALIZED_AUTOS = YES_AGGRESSIVE;
				GCC_WARN_UNUSED_FUNCTION = YES;
				GCC_WARN_UNUSED_VARIABLE = YES;
				IPHONEOS_DEPLOYMENT_TARGET = 9.1;
				MTL_ENABLE_DEBUG_INFO = NO;
				SDKROOT = iphoneos;
				VALIDATE_PRODUCT = YES;
			};
			name = Release;
		};
		1516646E1C188237006CCCCB /* Debug */ = {
			isa = XCBuildConfiguration;
			baseConfigurationReference = E4F3A7A044D44D9F754E9B8E /* Pods.debug.xcconfig */;
			buildSettings = {
				ASSETCATALOG_COMPILER_APPICON_NAME = AppIcon;
				GCC_PRECOMPILE_PREFIX_HEADER = YES;
				GCC_PREFIX_HEADER = "$(SRCROOT)/学生管理系统/Classes/Others（其他）/ManagePCH.pch";
				INFOPLIST_FILE = "学生管理系统/Info.plist";
				IPHONEOS_DEPLOYMENT_TARGET = 8.0;
				LD_RUNPATH_SEARCH_PATHS = "$(inherited) @executable_path/Frameworks";
				PRODUCT_BUNDLE_IDENTIFIER = com.shenfangwu.manage;
				PRODUCT_NAME = "$(TARGET_NAME)";
			};
			name = Debug;
		};
		1516646F1C188237006CCCCB /* Release */ = {
			isa = XCBuildConfiguration;
			baseConfigurationReference = BB23DAA9C4EB07C2E424CC96 /* Pods.release.xcconfig */;
			buildSettings = {
				ASSETCATALOG_COMPILER_APPICON_NAME = AppIcon;
				GCC_PRECOMPILE_PREFIX_HEADER = YES;
				GCC_PREFIX_HEADER = "$(SRCROOT)/学生管理系统/Classes/Others（其他）/ManagePCH.pch";
				INFOPLIST_FILE = "学生管理系统/Info.plist";
				IPHONEOS_DEPLOYMENT_TARGET = 8.0;
				LD_RUNPATH_SEARCH_PATHS = "$(inherited) @executable_path/Frameworks";
				PRODUCT_BUNDLE_IDENTIFIER = com.shenfangwu.manage;
				PRODUCT_NAME = "$(TARGET_NAME)";
			};
			name = Release;
		};
		151664711C188237006CCCCB /* Debug */ = {
			isa = XCBuildConfiguration;
			buildSettings = {
				BUNDLE_LOADER = "$(TEST_HOST)";
				INFOPLIST_FILE = "学生管理系统Tests/Info.plist";
				LD_RUNPATH_SEARCH_PATHS = "$(inherited) @executable_path/Frameworks @loader_path/Frameworks";
				PRODUCT_BUNDLE_IDENTIFIER = "com.shenfangwu.------Tests";
				PRODUCT_NAME = "$(TARGET_NAME)";
				TEST_HOST = "$(BUILT_PRODUCTS_DIR)/学生管理系统.app/学生管理系统";
			};
			name = Debug;
		};
		151664721C188237006CCCCB /* Release */ = {
			isa = XCBuildConfiguration;
			buildSettings = {
				BUNDLE_LOADER = "$(TEST_HOST)";
				INFOPLIST_FILE = "学生管理系统Tests/Info.plist";
				LD_RUNPATH_SEARCH_PATHS = "$(inherited) @executable_path/Frameworks @loader_path/Frameworks";
				PRODUCT_BUNDLE_IDENTIFIER = "com.shenfangwu.------Tests";
				PRODUCT_NAME = "$(TARGET_NAME)";
				TEST_HOST = "$(BUILT_PRODUCTS_DIR)/学生管理系统.app/学生管理系统";
			};
			name = Release;
		};
		151664741C188237006CCCCB /* Debug */ = {
			isa = XCBuildConfiguration;
			buildSettings = {
				INFOPLIST_FILE = "学生管理系统UITests/Info.plist";
				LD_RUNPATH_SEARCH_PATHS = "$(inherited) @executable_path/Frameworks @loader_path/Frameworks";
				PRODUCT_BUNDLE_IDENTIFIER = "com.shenfangwu.------UITests";
				PRODUCT_NAME = "$(TARGET_NAME)";
				TEST_TARGET_NAME = "学生管理系统";
				USES_XCTRUNNER = YES;
			};
			name = Debug;
		};
		151664751C188237006CCCCB /* Release */ = {
			isa = XCBuildConfiguration;
			buildSettings = {
				INFOPLIST_FILE = "学生管理系统UITests/Info.plist";
				LD_RUNPATH_SEARCH_PATHS = "$(inherited) @executable_path/Frameworks @loader_path/Frameworks";
				PRODUCT_BUNDLE_IDENTIFIER = "com.shenfangwu.------UITests";
				PRODUCT_NAME = "$(TARGET_NAME)";
				TEST_TARGET_NAME = "学生管理系统";
				USES_XCTRUNNER = YES;
			};
			name = Release;
		};
/* End XCBuildConfiguration section */

/* Begin XCConfigurationList section */
		1516643B1C188237006CCCCB /* Build configuration list for PBXProject "学生管理系统" */ = {
			isa = XCConfigurationList;
			buildConfigurations = (
				1516646B1C188237006CCCCB /* Debug */,
				1516646C1C188237006CCCCB /* Release */,
			);
			defaultConfigurationIsVisible = 0;
			defaultConfigurationName = Release;
		};
		1516646D1C188237006CCCCB /* Build configuration list for PBXNativeTarget "学生管理系统" */ = {
			isa = XCConfigurationList;
			buildConfigurations = (
				1516646E1C188237006CCCCB /* Debug */,
				1516646F1C188237006CCCCB /* Release */,
			);
			defaultConfigurationIsVisible = 0;
			defaultConfigurationName = Release;
		};
		151664701C188237006CCCCB /* Build configuration list for PBXNativeTarget "学生管理系统Tests" */ = {
			isa = XCConfigurationList;
			buildConfigurations = (
				151664711C188237006CCCCB /* Debug */,
				151664721C188237006CCCCB /* Release */,
			);
			defaultConfigurationIsVisible = 0;
			defaultConfigurationName = Release;
		};
		151664731C188237006CCCCB /* Build configuration list for PBXNativeTarget "学生管理系统UITests" */ = {
			isa = XCConfigurationList;
			buildConfigurations = (
				151664741C188237006CCCCB /* Debug */,
				151664751C188237006CCCCB /* Release */,
			);
			defaultConfigurationIsVisible = 0;
			defaultConfigurationName = Release;
		};
/* End XCConfigurationList section */
	};
	rootObject = 151664381C188237006CCCCB /* Project object */;
}
